
Microsoft Visual Studio Solution File, Format Version 12.00
# Visual Studio Version 17
VisualStudioVersion = 17.1.32421.90
MinimumVisualStudioVersion = 10.0.40219.1
Project("{FAE04EC0-301F-11D3-BF4B-00C04F79EFBC}") = "todolist.api", "todolist.api\todolist.api.csproj", "{3A41C78A-BB02-4E90-A16B-49488F997053}"
EndProject
Global
	GlobalSection(SolutionConfigurationPlatforms) = preSolution
		Debug|Any CPU = Debug|Any CPU
		Release|Any CPU = Release|Any CPU
	EndGlobalSection
	GlobalSection(ProjectConfigurationPlatforms) = postSolution
		{3A41C78A-BB02-4E90-A16B-49488F997053}.Debug|Any CPU.ActiveCfg = Debug|Any CPU
		{3A41C78A-BB02-4E90-A16B-49488F997053}.Debug|Any CPU.Build.0 = Debug|Any CPU
		{3A41C78A-BB02-4E90-A16B-49488F997053}.Release|Any CPU.ActiveCfg = Release|Any CPU
		{3A41C78A-BB02-4E90-A16B-49488F997053}.Release|Any CPU.Build.0 = Release|Any CPU
	EndGlobalSection
	GlobalSection(SolutionProperties) = preSolution
		HideSolutionNode = FALSE
	EndGlobalSection
	GlobalSection(ExtensibilityGlobals) = postSolution
		SolutionGuid = {74166E2C-4EFE-481C-9F1F-A79A7C1C2C95}
	EndGlobalSection
EndGlobal
